PODS:
  - GlyuckDataGrid (0.3.0)
  - Nimble (8.0.4)
  - Quick (2.2.0)

DEPENDENCIES:
  - GlyuckDataGrid (from `../`)
  - Nimble
  - Quick

SPEC REPOS:
  https://github.com/CocoaPods/Specs.git:
    - Nimble
    - Quick

EXTERNAL SOURCES:
  GlyuckDataGrid:
    :path: "../"

SPEC CHECKSUMS:
  GlyuckDataGrid: 3c0a025f62438e1a56aa84326c26906ebabda710
  Nimble: 18d5360282923225d62b09d781f63abc1a0111fc
  Quick: 7fb19e13be07b5dfb3b90d4f9824c855a11af40e

PODFILE CHECKSUM: e21efb884f3fce871cdbb16508cfe8ad6cd2c1b3

COCOAPODS: 1.8.3
